
Microsoft Visual Studio Solution File, Format Version 12.00
# Visual Studio Version 17
VisualStudioVersion = 17.2.32616.157
MinimumVisualStudioVersion = 10.0.40219.1
Project("{FAE04EC0-301F-11D3-BF4B-00C04F79EFBC}") = "Week_6_Activity_14", "Week_6_Activity_14\Week_6_Activity_14.csproj", "{54E1CC41-2C6C-4B16-A0FA-CA595FE31D71}"
EndProject
Global
	GlobalSection(SolutionConfigurationPlatforms) = preSolution
		Debug|Any CPU = Debug|Any CPU
		Release|Any CPU = Release|Any CPU
	EndGlobalSection
	GlobalSection(ProjectConfigurationPlatforms) = postSolution
		{54E1CC41-2C6C-4B16-A0FA-CA595FE31D71}.Debug|Any CPU.ActiveCfg = Debug|Any CPU
		{54E1CC41-2C6C-4B16-A0FA-CA595FE31D71}.Debug|Any CPU.Build.0 = Debug|Any CPU
		{54E1CC41-2C6C-4B16-A0FA-CA595FE31D71}.Release|Any CPU.ActiveCfg = Release|Any CPU
		{54E1CC41-2C6C-4B16-A0FA-CA595FE31D71}.Release|Any CPU.Build.0 = Release|Any CPU
	EndGlobalSection
	GlobalSection(SolutionProperties) = preSolution
		HideSolutionNode = FALSE
	EndGlobalSection
	GlobalSection(ExtensibilityGlobals) = postSolution
		SolutionGuid = {5E0F8167-1432-4338-8460-A2B15CF86E1F}
	EndGlobalSection
EndGlobal
